
Microsoft Visual Studio Solution File, Format Version 12.00
# Visual Studio Version 16
VisualStudioVersion = 16.0.809.4
MinimumVisualStudioVersion = 10.0.40219.1
Project("{9A19103F-16F7-4668-BE54-9A1E7A4F7556}") = "WSChat", "WSChat\WSChat.csproj", "{0565FCFD-6696-4D0D-96E7-0D9206C4050B}"
EndProject
Project("{9A19103F-16F7-4668-BE54-9A1E7A4F7556}") = "WSChat.Tests", "WSChat.Tests\WSChat.Tests.csproj", "{C9FFCC5C-BB23-4F6F-9C87-4658116B0564}"
EndProject
Project("{2150E333-8FDC-42A3-9474-1A3956D46DE8}") = "Solution Items", "Solution Items", "{42E45ADE-B6D2-455D-896F-FC2B1CB1EDC8}"
	ProjectSection(SolutionItems) = preProject
		LICENSE.txt = LICENSE.txt
		README.md = README.md
	EndProjectSection
EndProject
Global
	GlobalSection(SolutionConfigurationPlatforms) = preSolution
		Debug|Any CPU = Debug|Any CPU
		Release|Any CPU = Release|Any CPU
	EndGlobalSection
	GlobalSection(ProjectConfigurationPlatforms) = postSolution
		{0565FCFD-6696-4D0D-96E7-0D9206C4050B}.Debug|Any CPU.ActiveCfg = Debug|Any CPU
		{0565FCFD-6696-4D0D-96E7-0D9206C4050B}.Debug|Any CPU.Build.0 = Debug|Any CPU
		{0565FCFD-6696-4D0D-96E7-0D9206C4050B}.Release|Any CPU.ActiveCfg = Release|Any CPU
		{0565FCFD-6696-4D0D-96E7-0D9206C4050B}.Release|Any CPU.Build.0 = Release|Any CPU
		{C9FFCC5C-BB23-4F6F-9C87-4658116B0564}.Debug|Any CPU.ActiveCfg = Debug|Any CPU
		{C9FFCC5C-BB23-4F6F-9C87-4658116B0564}.Debug|Any CPU.Build.0 = Debug|Any CPU
		{C9FFCC5C-BB23-4F6F-9C87-4658116B0564}.Release|Any CPU.ActiveCfg = Release|Any CPU
		{C9FFCC5C-BB23-4F6F-9C87-4658116B0564}.Release|Any CPU.Build.0 = Release|Any CPU
	EndGlobalSection
	GlobalSection(SolutionProperties) = preSolution
		HideSolutionNode = FALSE
	EndGlobalSection
	GlobalSection(ExtensibilityGlobals) = postSolution
		SolutionGuid = {DD083FB3-16F9-4D61-83AC-EF631FF12218}
	EndGlobalSection
EndGlobal
